// !$*UTF8*$!
{
	"classes" = {
	};
	"objectVersion" = "56";
	"archiveVersion" = "1";
	"objects" = {
        "CE2200000000000000000011" = { isa = PBXFileReference; lastKnownFileType = sourcecode.swift; path = "TokenTick/UI/ResetCelebrationController.swift"; sourceTree = "<group>"; };
        "CE2200000000000000000012" = { isa = PBXBuildFile; fileRef = "CE2200000000000000000011"; };
        "CE2200000000000000000001" = { isa = PBXFileReference; lastKnownFileType = sourcecode.swift; path = "TokenTick/UI/ResetReminderController.swift"; sourceTree = "<group>"; };
        "CE2200000000000000000002" = { isa = PBXBuildFile; fileRef = "CE2200000000000000000001"; };
        "CE1600000000000000000001" = { isa = XCSwiftPackageProductDependency; package = "E795003646D4952330D66DC9"; productName = TokenTickTelemetry; };
        "CE1600000000000000000002" = { isa = PBXBuildFile; productRef = "CE1600000000000000000001"; };
        "C11000000000000000000004" = {
            isa = PBXShellScriptBuildPhase;
            buildActionMask = 2147483647;
            files = ();
            inputPaths = ("$(TARGET_BUILD_DIR)/$(UNLOCALIZED_RESOURCES_FOLDER_PATH)/TokenTick_TokenTickCore.bundle",);
            outputPaths = ("$(TARGET_BUILD_DIR)/$(CONTENTS_FOLDER_PATH)/Helpers/TokenTick_TokenTickCore.bundle",);
            name = "Link CLI resources";
            runOnlyForDeploymentPostprocessing = 0;
            shellPath = /bin/sh;
            shellScript = "/bin/ln -sfn ../Resources/TokenTick_TokenTickCore.bundle \"$SCRIPT_OUTPUT_FILE_0\"\n";
        };
        "AB1515151515151515151501" = { isa = PBXFileReference; lastKnownFileType = sourcecode.swift; path = "TokenTick/UI/CodexStorageView.swift"; sourceTree = "<group>"; };
        "AB1515151515151515151502" = { isa = PBXBuildFile; fileRef = "AB1515151515151515151501"; };
        "C11000000000000000000001" = {
            isa = PBXCopyFilesBuildPhase;
            buildActionMask = 2147483647;
            dstPath = "$(CONTENTS_FOLDER_PATH)/Helpers";
            dstSubfolderSpec = 16;
            files = ("C11000000000000000000002",);
            name = "Embed CLI";
            runOnlyForDeploymentPostprocessing = 0;
        };
        "C11000000000000000000002" = {
            isa = PBXBuildFile;
            fileRef = "43284760527F95A513C97435";
            settings = { ATTRIBUTES = (CodeSignOnCopy,); };
        };
        "C11000000000000000000003" = {
            isa = PBXTargetDependency;
            target = "1F67E260C0CE078CC861FA98";
        };
        "A0110CA10000000000000001" = {
            "isa" = "PBXFileReference";
            "path" = "TokenTick/Resources/Localizable.xcstrings";
            "lastKnownFileType" = "text.json.xcstrings";
            "sourceTree" = "<group>";
        };
        "A0110CA10000000000000002" = {
            "isa" = "PBXBuildFile";
            "fileRef" = "A0110CA10000000000000001";
        };
		"0BFFF1C249F1AE32AAED9616" = {
			"isa" = "PBXFileReference";
			"lastKnownFileType" = "sourcecode.swift";
			"path" = "TokenTick/UI/UsageDetailsView.swift";
			"sourceTree" = "<group>";
		};
		"8243D276881AFF2F0C3B8780" = {
			"isa" = "PBXBuildFile";
			"fileRef" = "0BFFF1C249F1AE32AAED9616";
		};
		"5E04063F6B044BDC4F4869F1" = {
			"isa" = "PBXFileReference";
			"lastKnownFileType" = "sourcecode.swift";
			"path" = "TokenTick/UI/CurrentLimitsView.swift";
			"sourceTree" = "<group>";
		};
		"A5077C071927F890C4537C32" = {
			"isa" = "PBXBuildFile";
			"fileRef" = "5E04063F6B044BDC4F4869F1";
		};
		"8A3F357787FB01C35ACE25F6" = {
			"isa" = "PBXFileReference";
			"lastKnownFileType" = "sourcecode.swift";
			"path" = "TokenTick/UI/OverviewChartsView.swift";
			"sourceTree" = "<group>";
		};
		"8C201586ED70116E47042557" = {
			"isa" = "PBXBuildFile";
			"fileRef" = "8A3F357787FB01C35ACE25F6";
		};
		"E63A6DE30A98D855FA167F2C" = {
			"isa" = "PBXFileReference";
			"lastKnownFileType" = "sourcecode.swift";
			"path" = "TokenTick/UI/SettingsView.swift";
			"sourceTree" = "<group>";
		};
		"70B1D599F03C479E45144952" = {
			"isa" = "PBXBuildFile";
			"fileRef" = "E63A6DE30A98D855FA167F2C";
		};
		"739E83C01C9D47EAAF16F6A2" = {
			"isa" = "PBXFileReference";
			"lastKnownFileType" = "sourcecode.swift";
			"path" = "TokenTick/UI/AutomaticSyncController.swift";
			"sourceTree" = "<group>";
		};
		"2D82C6F909FB45BBA6FF9C4A" = {
			"isa" = "PBXBuildFile";
			"fileRef" = "739E83C01C9D47EAAF16F6A2";
		};
		"56C58CD9D77B4D37A8637BA1" = {
			"isa" = "PBXFileReference";
			"lastKnownFileType" = "sourcecode.swift";
			"path" = "TokenTick/UI/UsageFilterControls.swift";
			"sourceTree" = "<group>";
		};
		"13C51972095142E1BCBC77C6" = {
			"isa" = "PBXBuildFile";
			"fileRef" = "56C58CD9D77B4D37A8637BA1";
		};
		"958778895F030AAA42825BFF" = {
			"isa" = "PBXFileReference";
			"lastKnownFileType" = "sourcecode.swift";
			"path" = "TokenTick/UI/UsageRecordsView.swift";
			"sourceTree" = "<group>";
		};
		"12F57F06E90963792A0B7A4F" = {
			"isa" = "PBXBuildFile";
			"fileRef" = "958778895F030AAA42825BFF";
		};
		"36FF4A1297DA65346F5C2790" = {
			"isa" = "PBXFileReference";
			"lastKnownFileType" = "sourcecode.swift";
			"path" = "TokenTick/UI/ApplicationModel.swift";
			"sourceTree" = "<group>";
		};
		"C8E280922E18F966DE4902FA" = {
			"isa" = "PBXBuildFile";
			"fileRef" = "36FF4A1297DA65346F5C2790";
		};
		"0460BF9724C2EF9D32A54C46" = {
			"isa" = "PBXFileReference";
			"lastKnownFileType" = "sourcecode.swift";
			"path" = "TokenTick/UI/DashboardModel.swift";
			"sourceTree" = "<group>";
		};
		"57927CA37D38559EC007898D" = {
			"isa" = "PBXBuildFile";
			"fileRef" = "0460BF9724C2EF9D32A54C46";
		};
		"7993302792420E8B4D8D2146" = {
			"isa" = "PBXFileReference";
			"lastKnownFileType" = "sourcecode.swift";
			"path" = "TokenTick/UI/DataStatusView.swift";
			"sourceTree" = "<group>";
		};
		"316C050AB7340885F4408286" = {
			"isa" = "PBXBuildFile";
			"fileRef" = "7993302792420E8B4D8D2146";
		};
		"52389A1C8B284CD1B8AB972E" = {
			"isa" = "PBXFileReference";
			"lastKnownFileType" = "sourcecode.swift";
			"path" = "TokenTick/UI/LimitsView.swift";
			"sourceTree" = "<group>";
		};
		"3B1E78EA22668ACA11D51FD6" = {
			"isa" = "PBXBuildFile";
			"fileRef" = "52389A1C8B284CD1B8AB972E";
		};
		"ADB97143275898ACC50A191D" = {
			"isa" = "PBXFileReference";
			"lastKnownFileType" = "sourcecode.swift";
			"path" = "TokenTick/UI/UsageFormatting.swift";
			"sourceTree" = "<group>";
		};
		"F563C223AF62ADE588400AA8" = {
			"isa" = "PBXBuildFile";
			"fileRef" = "ADB97143275898ACC50A191D";
		};
		"F745080864E33E41A42BB2AD" = {
			"isa" = "PBXFileReference";
			"lastKnownFileType" = "sourcecode.swift";
			"path" = "TokenTick/UI/UsageSummaryInspector.swift";
			"sourceTree" = "<group>";
		};
		"9B31CBE2D4230EDD3D9BF455" = {
			"isa" = "PBXBuildFile";
			"fileRef" = "F745080864E33E41A42BB2AD";
		};
		"24B60AB934D3663FE0D00C41" = {
			"isa" = "PBXFileReference";
			"lastKnownFileType" = "sourcecode.swift";
			"path" = "TokenTick/UI/UsageTableView.swift";
			"sourceTree" = "<group>";
		};
		"2F0B8EA3395354A8F9C1DE6D" = {
			"isa" = "PBXBuildFile";
			"fileRef" = "24B60AB934D3663FE0D00C41";
		};
		"98F54143AB4E86B28C3AFEE0" = {
			"buildConfigurationList" = "862894B703A6DEDF96A9DD6C";
			"targets" = (
				"93FC48C7297D497665DCB3A0",
				"1F67E260C0CE078CC861FA98",
			);
			"developmentRegion" = "en";
			"knownRegions" = (
				"zh-Hans",
				"en",
				"Base",
			);
			"isa" = "PBXProject";
			"compatibilityVersion" = "Xcode 14.0";
			"productRefGroup" = "1EE63A94BAD0DF0FCB0E7B8C";
			"projectDirPath" = "";
			"attributes" = {
				"LastUpgradeCheck" = "2700";
				"BuildIndependentTargetsInParallel" = "YES";
			};
			"hasScannedForEncodings" = "0";
			"projectRoot" = "";
			"mainGroup" = "B28B7AF69320201D1CF206EB";
			"packageReferences" = (
				"E795003646D4952330D66DC9",
			);
		};
		"99C32CAEEBF061CBDFDF84CC" = {
			"isa" = "PBXFrameworksBuildPhase";
			"buildActionMask" = "2147483647";
			"files" = (
				"15617ECB3B00C79EF635A3A1",
			);
			"runOnlyForDeploymentPostprocessing" = "0";
		};
		"6DDCEDE6AEE6AB0576709A1A" = {
			"isa" = "PBXSourcesBuildPhase";
			"buildActionMask" = "2147483647";
			"files" = (
				"AB1515151515151515151502",
				"8243D276881AFF2F0C3B8780",
				"AB1457BBEEAB123456789013",
				"A5077C071927F890C4537C32",
				"8C201586ED70116E47042557",
				"CE2200000000000000000002",
				"CE2200000000000000000012",
				"70B1D599F03C479E45144952",
				"12F57F06E90963792A0B7A4F",
				"2D82C6F909FB45BBA6FF9C4A",
				"13C51972095142E1BCBC77C6",
				"C8E280922E18F966DE4902FA",
				"57927CA37D38559EC007898D",
				"316C050AB7340885F4408286",
				"3B1E78EA22668ACA11D51FD6",
				"F563C223AF62ADE588400AA8",
				"9B31CBE2D4230EDD3D9BF455",
				"2F0B8EA3395354A8F9C1DE6D",
				"FE6DC7327F91075C0E3A2C9E",
				"6476FB7C6A9B85DB7301FA46",
				"6C7F8F2F637C336E0295D1B6",
				"256AA98B11FC5DEED282C2AB",
				"75D06634B0295FC6C4A42D60",
			);
			"runOnlyForDeploymentPostprocessing" = "0";
		};
		"93FC48C7297D497665DCB3A0" = {
			"buildConfigurationList" = "9A03B99E3C34334C95D0CA86";
			"productReference" = "006594940E6FDC9F9F980C4E";
			"productType" = "com.apple.product-type.application";
			"productName" = "TokenTick";
			"isa" = "PBXNativeTarget";
			"buildPhases" = (
				"6DDCEDE6AEE6AB0576709A1A",
				"EF9D4CEFD54446002341A6DA",
				"3D4BAED624A3A343B660D01C",
                "C11000000000000000000001",
                "C11000000000000000000004",
			);
			"dependencies" = (
                "C11000000000000000000003",
			);
			"name" = "TokenTick";
			"buildRules" = (
			);
			"packageProductDependencies" = (
				"6A80958D59791C1178F03805",
				"ABCDEF000000000000000001",
				"CE1600000000000000000001",
			);
		};
		"1EE63A94BAD0DF0FCB0E7B8C" = {
			"isa" = "PBXGroup";
			"name" = "Products";
			"children" = (
				"006594940E6FDC9F9F980C4E",
				"43284760527F95A513C97435",
			);
			"sourceTree" = "<group>";
		};
		"256AA98B11FC5DEED282C2AB" = {
			"isa" = "PBXBuildFile";
			"fileRef" = "695659D4986A23D8F2E8FFA3";
		};
		"EF9D4CEFD54446002341A6DA" = {
			"isa" = "PBXFrameworksBuildPhase";
			"buildActionMask" = "2147483647";
			"files" = (
				"9D0D104F1E1B2C997480A345",
				"ABCDEF000000000000000002",
				"CE1600000000000000000002",
			);
			"runOnlyForDeploymentPostprocessing" = "0";
		};
		"DCB3E622126A8498E305E230" = {
			"isa" = "PBXGroup";
			"name" = "Core";
			"children" = (
				"42CFDC5B169ACF4A17236936",
			);
			"sourceTree" = "<group>";
		};
		"F8995BA5891B07E328C60D6B" = {
			"path" = "TokenTick/Resources/TokenTick.icon";
			"isa" = "PBXFileReference";
			"lastKnownFileType" = "folder.iconcomposer.icon";
			"sourceTree" = "<group>";
		};
		"71A7FBC6273EC8EF0EC32E22" = {
			"isa" = "PBXBuildFile";
			"fileRef" = "604D840CD278C1BE6E43B5DB";
		};
		"338913A77F2AD96050B0B9CF" = {
			"path" = "TokenTick/UI/StorageSettingsView.swift";
			"isa" = "PBXFileReference";
			"lastKnownFileType" = "sourcecode.swift";
			"sourceTree" = "<group>";
		};
		"B28B7AF69320201D1CF206EB" = {
			"isa" = "PBXGroup";
			"sourceTree" = "<group>";
			"children" = (
				"3A2A88DEEFF3D1D23E496597",
				"1EE63A94BAD0DF0FCB0E7B8C",
			);
		};
		"617600C445CBC20BF2424190" = {
			"path" = "TokenTick/UI/ContentView.swift";
			"isa" = "PBXFileReference";
			"lastKnownFileType" = "sourcecode.swift";
			"sourceTree" = "<group>";
		};
		"6CB02E119BD41FE48D1F7837" = {
			"isa" = "PBXGroup";
			"name" = "Resources";
			"children" = (
				"5FE9F455950903D8C3C10DC5",
                "A0110CA10000000000000001",
				"3685E330EC5277A9DD5661C6",
				"F8995BA5891B07E328C60D6B",
			);
			"sourceTree" = "<group>";
		};
		"BA7A9534CFB042930CDFE3A8" = {
			"isa" = "XCBuildConfiguration";
			"name" = "Release";
			"buildSettings" = {
				"CODE_SIGN_IDENTITY" = "-";
				"PRODUCT_NAME" = "tokentick";
				"CODE_SIGN_STYLE" = "Automatic";
			};
		};
		"FA188A58A13305401E559449" = {
			"isa" = "PBXSourcesBuildPhase";
			"buildActionMask" = "2147483647";
			"files" = (
				"71A7FBC6273EC8EF0EC32E22",
			);
			"runOnlyForDeploymentPostprocessing" = "0";
		};
		"1F67E260C0CE078CC861FA98" = {
			"buildConfigurationList" = "5D5C1ECE35C65651113FDA25";
			"productReference" = "43284760527F95A513C97435";
			"productType" = "com.apple.product-type.tool";
			"productName" = "tokentick";
			"isa" = "PBXNativeTarget";
			"buildPhases" = (
				"FA188A58A13305401E559449",
				"99C32CAEEBF061CBDFDF84CC",
			);
			"dependencies" = (
			);
			"name" = "TokenTickCLI";
			"buildRules" = (
			);
			"packageProductDependencies" = (
				"6E0711520849317683D1D76A",
			);
		};
		"C4A4CFEBD738D182FDA55F9C" = {
			"isa" = "XCBuildConfiguration";
			"name" = "Release";
			"buildSettings" = {
				"GENERATE_INFOPLIST_FILE" = "NO";
				"CODE_SIGN_IDENTITY" = "-";
				"MARKETING_VERSION" = "0.2.1";
				"ENABLE_HARDENED_RUNTIME" = "YES";
				"ENABLE_APP_SANDBOX" = "NO";
				"PRODUCT_BUNDLE_IDENTIFIER" = "com.yeliex.tokentick";
				"CODE_SIGN_STYLE" = "Automatic";
				"INFOPLIST_FILE" = "TokenTick/Resources/Info.plist";
				"CODE_SIGN_ENTITLEMENTS" = "TokenTick/Resources/TokenTick.entitlements";
				"ASSETCATALOG_COMPILER_APPICON_NAME" = "TokenTick";
				"LD_RUNPATH_SEARCH_PATHS" = (
					"$(inherited)",
					"@executable_path/../Frameworks",
				);
				"PRODUCT_NAME" = "TokenTick";
				"CURRENT_PROJECT_VERSION" = "2";
			};
		};
		"3A2A88DEEFF3D1D23E496597" = {
			"isa" = "PBXGroup";
			"name" = "TokenTick";
			"children" = (
				"3351619DB16C8F62C72A805C",
				"604D840CD278C1BE6E43B5DB",
				"DCB3E622126A8498E305E230",
				"16678A1132D56F73C968CC5A",
				"6CB02E119BD41FE48D1F7837",
			);
			"sourceTree" = "<group>";
		};
		"E6DE6C99132752C914FEF632" = {
			"isa" = "XCBuildConfiguration";
			"name" = "Release";
			"buildSettings" = {
				"CLANG_ENABLE_MODULES" = "YES";
				"ENABLE_USER_SCRIPT_SANDBOXING" = "YES";
				"DEBUG_INFORMATION_FORMAT" = "dwarf-with-dsym";
				"SWIFT_COMPILATION_MODE" = "wholemodule";
				"MACOSX_DEPLOYMENT_TARGET" = "26.0";
				"SWIFT_VERSION" = "6.0";
                "SWIFT_EMIT_LOC_STRINGS" = "YES";
				"SDKROOT" = "macosx";
				"ARCHS" = "arm64";
				"SWIFT_OPTIMIZATION_LEVEL" = "-O";
				"ONLY_ACTIVE_ARCH" = "NO";
				"GCC_C_LANGUAGE_STANDARD" = "gnu17";
				"CLANG_ENABLE_OBJC_ARC" = "YES";
			};
		};
		"6476FB7C6A9B85DB7301FA46" = {
			"isa" = "PBXBuildFile";
			"fileRef" = "617600C445CBC20BF2424190";
		};
		"862894B703A6DEDF96A9DD6C" = {
			"isa" = "XCConfigurationList";
			"defaultConfigurationIsVisible" = "0";
			"defaultConfigurationName" = "Release";
			"buildConfigurations" = (
				"89E1FD6268CC0F221A2BE178",
				"E6DE6C99132752C914FEF632",
			);
		};
		"43284760527F95A513C97435" = {
			"path" = "tokentick";
			"isa" = "PBXFileReference";
			"includeInIndex" = "0";
			"explicitFileType" = "compiled.mach-o.executable";
			"sourceTree" = "BUILT_PRODUCTS_DIR";
		};
		"3685E330EC5277A9DD5661C6" = {
			"path" = "TokenTick/Resources/Assets.xcassets";
			"isa" = "PBXFileReference";
			"lastKnownFileType" = "folder.assetcatalog";
			"sourceTree" = "<group>";
		};
		"5D5C1ECE35C65651113FDA25" = {
			"isa" = "XCConfigurationList";
			"defaultConfigurationIsVisible" = "0";
			"defaultConfigurationName" = "Release";
			"buildConfigurations" = (
				"ACF6D40ADDB95149ABFA3526",
				"BA7A9534CFB042930CDFE3A8",
			);
		};
		"42CFDC5B169ACF4A17236936" = {
			"path" = "TokenTick/Core/ApplicationInfo.swift";
			"isa" = "PBXFileReference";
			"lastKnownFileType" = "sourcecode.swift";
			"sourceTree" = "<group>";
		};
		"3D4BAED624A3A343B660D01C" = {
			"isa" = "PBXResourcesBuildPhase";
			"buildActionMask" = "2147483647";
			"files" = (
				"04200CFFD12D083534B07BB1",
                "A0110CA10000000000000002",
				"74C2431FE30C4A47C8443B80",
			);
			"runOnlyForDeploymentPostprocessing" = "0";
		};
		"006594940E6FDC9F9F980C4E" = {
			"path" = "TokenTick.app";
			"isa" = "PBXFileReference";
			"includeInIndex" = "0";
			"explicitFileType" = "wrapper.application";
			"sourceTree" = "BUILT_PRODUCTS_DIR";
		};
		"6C7F8F2F637C336E0295D1B6" = {
			"isa" = "PBXBuildFile";
			"fileRef" = "CB9423DA37914B9492C90220";
		};
		"16678A1132D56F73C968CC5A" = {
			"isa" = "PBXGroup";
			"name" = "UI";
			"children" = (
				"AB1515151515151515151501",
				"0BFFF1C249F1AE32AAED9616",
				"5E04063F6B044BDC4F4869F1",
				"8A3F357787FB01C35ACE25F6",
				"CE2200000000000000000001",
				"CE2200000000000000000011",
				"E63A6DE30A98D855FA167F2C",
				"958778895F030AAA42825BFF",
				"739E83C01C9D47EAAF16F6A2",
				"56C58CD9D77B4D37A8637BA1",
				"36FF4A1297DA65346F5C2790",
				"0460BF9724C2EF9D32A54C46",
				"7993302792420E8B4D8D2146",
				"52389A1C8B284CD1B8AB972E",
				"ADB97143275898ACC50A191D",
				"F745080864E33E41A42BB2AD",
				"24B60AB934D3663FE0D00C41",
				"617600C445CBC20BF2424190",
				"CB9423DA37914B9492C90220",
				"AB1457BBEEAB123456789012",
				"695659D4986A23D8F2E8FFA3",
				"338913A77F2AD96050B0B9CF",
			);
			"sourceTree" = "<group>";
		};
		"FE6DC7327F91075C0E3A2C9E" = {
			"isa" = "PBXBuildFile";
			"fileRef" = "3351619DB16C8F62C72A805C";
		};
		"3351619DB16C8F62C72A805C" = {
			"path" = "TokenTick/TokenTickApp.swift";
			"isa" = "PBXFileReference";
			"lastKnownFileType" = "sourcecode.swift";
			"sourceTree" = "<group>";
		};
		"74C2431FE30C4A47C8443B80" = {
			"isa" = "PBXBuildFile";
			"fileRef" = "F8995BA5891B07E328C60D6B";
		};
		"04200CFFD12D083534B07BB1" = {
			"isa" = "PBXBuildFile";
			"fileRef" = "3685E330EC5277A9DD5661C6";
		};
		"AB1457BBEEAB123456789012" = {
			"path" = "TokenTick/UI/MenuUsageView.swift";
			"isa" = "PBXFileReference";
			"lastKnownFileType" = "sourcecode.swift";
			"sourceTree" = "<group>";
		};
		"AB1457BBEEAB123456789013" = {
			"isa" = "PBXBuildFile";
			"fileRef" = "AB1457BBEEAB123456789012";
		};
		"CB9423DA37914B9492C90220" = {
			"path" = "TokenTick/UI/MenuBarView.swift";
			"isa" = "PBXFileReference";
			"lastKnownFileType" = "sourcecode.swift";
			"sourceTree" = "<group>";
		};
		"75D06634B0295FC6C4A42D60" = {
			"isa" = "PBXBuildFile";
			"fileRef" = "338913A77F2AD96050B0B9CF";
		};
		"9A03B99E3C34334C95D0CA86" = {
			"isa" = "XCConfigurationList";
			"defaultConfigurationIsVisible" = "0";
			"defaultConfigurationName" = "Release";
			"buildConfigurations" = (
				"61162358D711B7F95646172E",
				"C4A4CFEBD738D182FDA55F9C",
			);
		};
		"5FE9F455950903D8C3C10DC5" = {
			"path" = "TokenTick/Resources/Info.plist";
			"isa" = "PBXFileReference";
			"lastKnownFileType" = "text.plist.xml";
			"sourceTree" = "<group>";
		};
		"89E1FD6268CC0F221A2BE178" = {
			"isa" = "XCBuildConfiguration";
			"name" = "Debug";
			"buildSettings" = {
				"CLANG_ENABLE_MODULES" = "YES";
				"ENABLE_USER_SCRIPT_SANDBOXING" = "YES";
				"SWIFT_ACTIVE_COMPILATION_CONDITIONS" = "DEBUG $(inherited)";
				"DEBUG_INFORMATION_FORMAT" = "dwarf";
				"MACOSX_DEPLOYMENT_TARGET" = "26.0";
				"SWIFT_VERSION" = "6.0";
                "SWIFT_EMIT_LOC_STRINGS" = "YES";
				"SDKROOT" = "macosx";
				"ARCHS" = "arm64";
				"SWIFT_OPTIMIZATION_LEVEL" = "-Onone";
				"ONLY_ACTIVE_ARCH" = "YES";
				"GCC_C_LANGUAGE_STANDARD" = "gnu17";
				"CLANG_ENABLE_OBJC_ARC" = "YES";
			};
		};
		"604D840CD278C1BE6E43B5DB" = {
			"path" = "TokenTick/cli.swift";
			"isa" = "PBXFileReference";
			"lastKnownFileType" = "sourcecode.swift";
			"sourceTree" = "<group>";
		};
		"695659D4986A23D8F2E8FFA3" = {
			"path" = "TokenTick/UI/OverviewView.swift";
			"isa" = "PBXFileReference";
			"lastKnownFileType" = "sourcecode.swift";
			"sourceTree" = "<group>";
		};
		"61162358D711B7F95646172E" = {
			"isa" = "XCBuildConfiguration";
			"name" = "Debug";
			"buildSettings" = {
				"GENERATE_INFOPLIST_FILE" = "NO";
				"CODE_SIGN_IDENTITY" = "-";
				"MARKETING_VERSION" = "0.2.1";
				"ENABLE_HARDENED_RUNTIME" = "YES";
				"ENABLE_APP_SANDBOX" = "NO";
				"PRODUCT_BUNDLE_IDENTIFIER" = "com.yeliex.tokentick";
				"CODE_SIGN_STYLE" = "Automatic";
				"INFOPLIST_FILE" = "TokenTick/Resources/Info.plist";
				"CODE_SIGN_ENTITLEMENTS" = "TokenTick/Resources/TokenTick.entitlements";
				"ASSETCATALOG_COMPILER_APPICON_NAME" = "TokenTick";
				"LD_RUNPATH_SEARCH_PATHS" = (
					"$(inherited)",
					"@executable_path/../Frameworks",
				);
				"PRODUCT_NAME" = "TokenTick";
				"CURRENT_PROJECT_VERSION" = "2";
			};
		};
		"ACF6D40ADDB95149ABFA3526" = {
			"isa" = "XCBuildConfiguration";
			"name" = "Debug";
			"buildSettings" = {
				"CODE_SIGN_IDENTITY" = "-";
				"PRODUCT_NAME" = "tokentick";
				"CODE_SIGN_STYLE" = "Automatic";
			};
		};
		"E795003646D4952330D66DC9" = {
			"isa" = "XCLocalSwiftPackageReference";
			"relativePath" = ".";
		};
		"6A80958D59791C1178F03805" = {
			"isa" = "XCSwiftPackageProductDependency";
			"package" = "E795003646D4952330D66DC9";
			"productName" = "TokenTickCore";
		};
		"9D0D104F1E1B2C997480A345" = {
			"isa" = "PBXBuildFile";
			"productRef" = "6A80958D59791C1178F03805";
		};
		"6E0711520849317683D1D76A" = {
			"isa" = "XCSwiftPackageProductDependency";
			"package" = "E795003646D4952330D66DC9";
			"productName" = "TokenTickCore";
		};
		"15617ECB3B00C79EF635A3A1" = {
			"isa" = "PBXBuildFile";
			"productRef" = "6E0711520849317683D1D76A";
		};
		"ABCDEF000000000000000001" = {
			"isa" = "XCSwiftPackageProductDependency";
			"package" = "E795003646D4952330D66DC9";
			"productName" = "TokenTickUpdates";
		};
		"ABCDEF000000000000000002" = {
			"isa" = "PBXBuildFile";
			"productRef" = "ABCDEF000000000000000001";
		};
	};
	"rootObject" = "98F54143AB4E86B28C3AFEE0";
}
